{
  "name": "web-components",
  "version": "1.0.0",
  "lockfileVersion": 1,
  "requires": true,
  "dependencies": {
    "node-watch": {
      "version": "0.5.9",
      "resolved": "https://registry.npmjs.org/node-watch/-/node-watch-0.5.9.tgz",
      "integrity": "sha512-W0SgGKaB9qSCfFfNj2uQZ/5BlVumaNHjVCAPdEoXrkEJ3ynSf/806LEz1rbDFbJ4+PL9G8IxRkJJTvZndd5D9g==",
      "dev": true
    }
  }
}
